
Microsoft Visual Studio Solution File, Format Version 12.00
# Visual Studio Version 17
VisualStudioVersion = 17.3.32929.385
MinimumVisualStudioVersion = 10.0.40219.1
Project("{9A19103F-16F7-4668-BE54-9A1E7A4F7556}") = "Useful-CSharp-Extension-Methods", "Useful-CSharp-Extension-Methods.csproj", "{311B4C83-A28D-4AE9-86D4-D95519CF8128}"
EndProject
Global
	GlobalSection(SolutionConfigurationPlatforms) = preSolution
		Debug|Any CPU = Debug|Any CPU
		Release|Any CPU = Release|Any CPU
	EndGlobalSection
	GlobalSection(ProjectConfigurationPlatforms) = postSolution
		{311B4C83-A28D-4AE9-86D4-D95519CF8128}.Debug|Any CPU.ActiveCfg = Debug|Any CPU
		{311B4C83-A28D-4AE9-86D4-D95519CF8128}.Debug|Any CPU.Build.0 = Debug|Any CPU
		{311B4C83-A28D-4AE9-86D4-D95519CF8128}.Release|Any CPU.ActiveCfg = Release|Any CPU
		{311B4C83-A28D-4AE9-86D4-D95519CF8128}.Release|Any CPU.Build.0 = Release|Any CPU
	EndGlobalSection
	GlobalSection(SolutionProperties) = preSolution
		HideSolutionNode = FALSE
	EndGlobalSection
	GlobalSection(ExtensibilityGlobals) = postSolution
		SolutionGuid = {5782091E-0ABD-491D-89F9-0558FED003A1}
	EndGlobalSection
EndGlobal
